// !$*UTF8*$!
{
	archiveVersion = 1;
	classes = {
	};
	objectVersion = 50;
	objects = {

/* Begin PBXBuildFile section */
		730DCB9225668A88005EB929 /* FeedCell.swift in Sources */ = {isa = PBXBuildFile; fileRef = 730DCB9125668A88005EB929 /* FeedCell.swift */; };
		730DCB9525668BE2005EB929 /* Extension.swift in Sources */ = {isa = PBXBuildFile; fileRef = 730DCB9425668BE2005EB929 /* Extension.swift */; };
		730DCB99256910E5005EB929 /* LoginController.swift in Sources */ = {isa = PBXBuildFile; fileRef = 730DCB98256910E5005EB929 /* LoginController.swift */; };
		730DCB9C25691119005EB929 /* RegistrationController.swift in Sources */ = {isa = PBXBuildFile; fileRef = 730DCB9B25691119005EB929 /* RegistrationController.swift */; };
		730DCB9F25691DF1005EB929 /* CustomTextField.swift in Sources */ = {isa = PBXBuildFile; fileRef = 730DCB9E25691DF1005EB929 /* CustomTextField.swift */; };
		730DCBA2256B80D3005EB929 /* AuthenticationViewModel.swift in Sources */ = {isa = PBXBuildFile; fileRef = 730DCBA1256B80D3005EB929 /* AuthenticationViewModel.swift */; };
		737909BB2562911E006A3842 /* AppDelegate.swift in Sources */ = {isa = PBXBuildFile; fileRef = 737909BA2562911E006A3842 /* AppDelegate.swift */; };
		737909BD2562911E006A3842 /* SceneDelegate.swift in Sources */ = {isa = PBXBuildFile; fileRef = 737909BC2562911E006A3842 /* SceneDelegate.swift */; };
		737909BF2562911E006A3842 /* ViewController.swift in Sources */ = {isa = PBXBuildFile; fileRef = 737909BE2562911E006A3842 /* ViewController.swift */; };
		737909C22562911E006A3842 /* Main.storyboard in Resources */ = {isa = PBXBuildFile; fileRef = 737909C02562911E006A3842 /* Main.storyboard */; };
		737909C425629120006A3842 /* Assets.xcassets in Resources */ = {isa = PBXBuildFile; fileRef = 737909C325629120006A3842 /* Assets.xcassets */; };
		737909C725629120006A3842 /* LaunchScreen.storyboard in Resources */ = {isa = PBXBuildFile; fileRef = 737909C525629120006A3842 /* LaunchScreen.storyboard */; };
		737909D825629395006A3842 /* MainTapController.swift in Sources */ = {isa = PBXBuildFile; fileRef = 737909D725629395006A3842 /* MainTapController.swift */; };
		737909DB2562950C006A3842 /* SearchController.swift in Sources */ = {isa = PBXBuildFile; fileRef = 737909DA2562950C006A3842 /* SearchController.swift */; };
		737909DE2562951F006A3842 /* FeedController.swift in Sources */ = {isa = PBXBuildFile; fileRef = 737909DD2562951F006A3842 /* FeedController.swift */; };
		737909E125629538006A3842 /* ImageSelectorController.swift in Sources */ = {isa = PBXBuildFile; fileRef = 737909E025629538006A3842 /* ImageSelectorController.swift */; };
		737909E42562954B006A3842 /* ProfileController.swift in Sources */ = {isa = PBXBuildFile; fileRef = 737909E32562954B006A3842 /* ProfileController.swift */; };
		737909EA2562965D006A3842 /* NotifecationController.swift in Sources */ = {isa = PBXBuildFile; fileRef = 737909E92562965D006A3842 /* NotifecationController.swift */; };
/* End PBXBuildFile section */

/* Begin PBXFileReference section */
		730DCB9125668A88005EB929 /* FeedCell.swift */ = {isa = PBXFileReference; lastKnownFileType = sourcecode.swift; path = FeedCell.swift; sourceTree = "<group>"; };
		730DCB9425668BE2005EB929 /* Extension.swift */ = {isa = PBXFileReference; lastKnownFileType = sourcecode.swift; path = Extension.swift; sourceTree = "<group>"; };
		730DCB98256910E5005EB929 /* LoginController.swift */ = {isa = PBXFileReference; lastKnownFileType = sourcecode.swift; path = LoginController.swift; sourceTree = "<group>"; };
		730DCB9B25691119005EB929 /* RegistrationController.swift */ = {isa = PBXFileReference; lastKnownFileType = sourcecode.swift; path = RegistrationController.swift; sourceTree = "<group>"; };
		730DCB9E25691DF1005EB929 /* CustomTextField.swift */ = {isa = PBXFileReference; lastKnownFileType = sourcecode.swift; path = CustomTextField.swift; sourceTree = "<group>"; };
		730DCBA1256B80D3005EB929 /* AuthenticationViewModel.swift */ = {isa = PBXFileReference; lastKnownFileType = sourcecode.swift; path = AuthenticationViewModel.swift; sourceTree = "<group>"; };
		737909B72562911E006A3842 /* InstagramiOSAppClone.app */ = {isa = PBXFileReference; explicitFileType = wrapper.application; includeInIndex = 0; path = InstagramiOSAppClone.app; sourceTree = BUILT_PRODUCTS_DIR; };
		737909BA2562911E006A3842 /* AppDelegate.swift */ = {isa = PBXFileReference; lastKnownFileType = sourcecode.swift; path = AppDelegate.swift; sourceTree = "<group>"; };
		737909BC2562911E006A3842 /* SceneDelegate.swift */ = {isa = PBXFileReference; lastKnownFileType = sourcecode.swift; path = SceneDelegate.swift; sourceTree = "<group>"; };
		737909BE2562911E006A3842 /* ViewController.swift */ = {isa = PBXFileReference; lastKnownFileType = sourcecode.swift; path = ViewController.swift; sourceTree = "<group>"; };
		737909C12562911E006A3842 /* Base */ = {isa = PBXFileReference; lastKnownFileType = file.storyboard; name = Base; path = Base.lproj/Main.storyboard; sourceTree = "<group>"; };
		737909C325629120006A3842 /* Assets.xcassets */ = {isa = PBXFileReference; lastKnownFileType = folder.assetcatalog; path = Assets.xcassets; sourceTree = "<group>"; };
		737909C625629120006A3842 /* Base */ = {isa = PBXFileReference; lastKnownFileType = file.storyboard; name = Base; path = Base.lproj/LaunchScreen.storyboard; sourceTree = "<group>"; };
		737909C825629120006A3842 /* Info.plist */ = {isa = PBXFileReference; lastKnownFileType = text.plist.xml; path = Info.plist; sourceTree = "<group>"; };
		737909D725629395006A3842 /* MainTapController.swift */ = {isa = PBXFileReference; lastKnownFileType = sourcecode.swift; path = MainTapController.swift; sourceTree = "<group>"; };
		737909DA2562950C006A3842 /* SearchController.swift */ = {isa = PBXFileReference; lastKnownFileType = sourcecode.swift; path = SearchController.swift; sourceTree = "<group>"; };
		737909DD2562951F006A3842 /* FeedController.swift */ = {isa = PBXFileReference; lastKnownFileType = sourcecode.swift; path = FeedController.swift; sourceTree = "<group>"; };
		737909E025629538006A3842 /* ImageSelectorController.swift */ = {isa = PBXFileReference; lastKnownFileType = sourcecode.swift; path = ImageSelectorController.swift; sourceTree = "<group>"; };
		737909E32562954B006A3842 /* ProfileController.swift */ = {isa = PBXFileReference; lastKnownFileType = sourcecode.swift; path = ProfileController.swift; sourceTree = "<group>"; };
		737909E92562965D006A3842 /* NotifecationController.swift */ = {isa = PBXFileReference; lastKnownFileType = sourcecode.swift; path = NotifecationController.swift; sourceTree = "<group>"; };
/* End PBXFileReference section */

/* Begin PBXFrameworksBuildPhase section */
		737909B42562911E006A3842 /* Frameworks */ = {
			isa = PBXFrameworksBuildPhase;
			buildActionMask = 2147483647;
			files = (
			);
			runOnlyForDeploymentPostprocessing = 0;
		};
/* End PBXFrameworksBuildPhase section */

/* Begin PBXGroup section */
		730DCB97256910BF005EB929 /* Authentication */ = {
			isa = PBXGroup;
			children = (
				730DCB98256910E5005EB929 /* LoginController.swift */,
				730DCB9B25691119005EB929 /* RegistrationController.swift */,
			);
			path = Authentication;
			sourceTree = "<group>";
		};
		737909AE2562911E006A3842 = {
			isa = PBXGroup;
			children = (
				737909B92562911E006A3842 /* InstagramiOSAppClone */,
				737909B82562911E006A3842 /* Products */,
			);
			sourceTree = "<group>";
		};
		737909B82562911E006A3842 /* Products */ = {
			isa = PBXGroup;
			children = (
				737909B72562911E006A3842 /* InstagramiOSAppClone.app */,
			);
			name = Products;
			sourceTree = "<group>";
		};
		737909B92562911E006A3842 /* InstagramiOSAppClone */ = {
			isa = PBXGroup;
			children = (
				730DCB97256910BF005EB929 /* Authentication */,
				737909D4256291A6006A3842 /* Model */,
				737909D5256291A7006A3842 /* View */,
				737909D22562919F006A3842 /* ViewModel */,
				737909D125629180006A3842 /* Controller */,
				737909D02562917C006A3842 /* API */,
				737909CF25629173006A3842 /* Utilie */,
				737909BA2562911E006A3842 /* AppDelegate.swift */,
				737909BC2562911E006A3842 /* SceneDelegate.swift */,
				737909BE2562911E006A3842 /* ViewController.swift */,
				737909C02562911E006A3842 /* Main.storyboard */,
				737909C325629120006A3842 /* Assets.xcassets */,
				737909C525629120006A3842 /* LaunchScreen.storyboard */,
				737909C825629120006A3842 /* Info.plist */,
			);
			path = InstagramiOSAppClone;
			sourceTree = "<group>";
		};
		737909CF25629173006A3842 /* Utilie */ = {
			isa = PBXGroup;
			children = (
				730DCB9425668BE2005EB929 /* Extension.swift */,
			);
			path = Utilie;
			sourceTree = "<group>";
		};
		737909D02562917C006A3842 /* API */ = {
			isa = PBXGroup;
			children = (
			);
			path = API;
			sourceTree = "<group>";
		};
		737909D125629180006A3842 /* Controller */ = {
			isa = PBXGroup;
			children = (
				737909D725629395006A3842 /* MainTapController.swift */,
				737909DD2562951F006A3842 /* FeedController.swift */,
				737909DA2562950C006A3842 /* SearchController.swift */,
				737909E025629538006A3842 /* ImageSelectorController.swift */,
				737909E32562954B006A3842 /* ProfileController.swift */,
				737909E92562965D006A3842 /* NotifecationController.swift */,
			);
			path = Controller;
			sourceTree = "<group>";
		};
		737909D22562919F006A3842 /* ViewModel */ = {
			isa = PBXGroup;
			children = (
				730DCBA1256B80D3005EB929 /* AuthenticationViewModel.swift */,
			);
			path = ViewModel;
			sourceTree = "<group>";
		};
		737909D4256291A6006A3842 /* Model */ = {
			isa = PBXGroup;
			children = (
			);
			path = Model;
			sourceTree = "<group>";
		};
		737909D5256291A7006A3842 /* View */ = {
			isa = PBXGroup;
			children = (
				730DCB9125668A88005EB929 /* FeedCell.swift */,
				730DCB9E25691DF1005EB929 /* CustomTextField.swift */,
			);
			path = View;
			sourceTree = "<group>";
		};
/* End PBXGroup section */

/* Begin PBXNativeTarget section */
		737909B62562911E006A3842 /* InstagramiOSAppClone */ = {
			isa = PBXNativeTarget;
			buildConfigurationList = 737909CB25629120006A3842 /* Build configuration list for PBXNativeTarget "InstagramiOSAppClone" */;
			buildPhases = (
				737909B32562911E006A3842 /* Sources */,
				737909B42562911E006A3842 /* Frameworks */,
				737909B52562911E006A3842 /* Resources */,
			);
			buildRules = (
			);
			dependencies = (
			);
			name = InstagramiOSAppClone;
			productName = InstagramiOSAppClone;
			productReference = 737909B72562911E006A3842 /* InstagramiOSAppClone.app */;
			productType = "com.apple.product-type.application";
		};
/* End PBXNativeTarget section */

/* Begin PBXProject section */
		737909AF2562911E006A3842 /* Project object */ = {
			isa = PBXProject;
			attributes = {
				LastSwiftUpdateCheck = 1210;
				LastUpgradeCheck = 1210;
				TargetAttributes = {
					737909B62562911E006A3842 = {
						CreatedOnToolsVersion = 12.1;
					};
				};
			};
			buildConfigurationList = 737909B22562911E006A3842 /* Build configuration list for PBXProject "InstagramiOSAppClone" */;
			compatibilityVersion = "Xcode 9.3";
			developmentRegion = en;
			hasScannedForEncodings = 0;
			knownRegions = (
				en,
				Base,
			);
			mainGroup = 737909AE2562911E006A3842;
			productRefGroup = 737909B82562911E006A3842 /* Products */;
			projectDirPath = "";
			projectRoot = "";
			targets = (
				737909B62562911E006A3842 /* InstagramiOSAppClone */,
			);
		};
/* End PBXProject section */

/* Begin PBXResourcesBuildPhase section */
		737909B52562911E006A3842 /* Resources */ = {
			isa = PBXResourcesBuildPhase;
			buildActionMask = 2147483647;
			files = (
				737909C725629120006A3842 /* LaunchScreen.storyboard in Resources */,
				737909C425629120006A3842 /* Assets.xcassets in Resources */,
				737909C22562911E006A3842 /* Main.storyboard in Resources */,
			);
			runOnlyForDeploymentPostprocessing = 0;
		};
/* End PBXResourcesBuildPhase section */

/* Begin PBXSourcesBuildPhase section */
		737909B32562911E006A3842 /* Sources */ = {
			isa = PBXSourcesBuildPhase;
			buildActionMask = 2147483647;
			files = (
				730DCB9F25691DF1005EB929 /* CustomTextField.swift in Sources */,
				737909D825629395006A3842 /* MainTapController.swift in Sources */,
				730DCB99256910E5005EB929 /* LoginController.swift in Sources */,
				730DCB9225668A88005EB929 /* FeedCell.swift in Sources */,
				737909E125629538006A3842 /* ImageSelectorController.swift in Sources */,
				737909DE2562951F006A3842 /* FeedController.swift in Sources */,
				730DCBA2256B80D3005EB929 /* AuthenticationViewModel.swift in Sources */,
				730DCB9525668BE2005EB929 /* Extension.swift in Sources */,
				737909DB2562950C006A3842 /* SearchController.swift in Sources */,
				737909EA2562965D006A3842 /* NotifecationController.swift in Sources */,
				737909BF2562911E006A3842 /* ViewController.swift in Sources */,
				737909BB2562911E006A3842 /* AppDelegate.swift in Sources */,
				737909BD2562911E006A3842 /* SceneDelegate.swift in Sources */,
				737909E42562954B006A3842 /* ProfileController.swift in Sources */,
				730DCB9C25691119005EB929 /* RegistrationController.swift in Sources */,
			);
			runOnlyForDeploymentPostprocessing = 0;
		};
/* End PBXSourcesBuildPhase section */

/* Begin PBXVariantGroup section */
		737909C02562911E006A3842 /* Main.storyboard */ = {
			isa = PBXVariantGroup;
			children = (
				737909C12562911E006A3842 /* Base */,
			);
			name = Main.storyboard;
			sourceTree = "<group>";
		};
		737909C525629120006A3842 /* LaunchScreen.storyboard */ = {
			isa = PBXVariantGroup;
			children = (
				737909C625629120006A3842 /* Base */,
			);
			name = LaunchScreen.storyboard;
			sourceTree = "<group>";
		};
/* End PBXVariantGroup section */

/* Begin XCBuildConfiguration section */
		737909C925629120006A3842 /* Debug */ = {
			isa = XCBuildConfiguration;
			buildSettings = {
				ALWAYS_SEARCH_USER_PATHS = NO;
				CLANG_ANALYZER_NONNULL = YES;
				CLANG_ANALYZER_NUMBER_OBJECT_CONVERSION = YES_AGGRESSIVE;
				CLANG_CXX_LANGUAGE_STANDARD = "gnu++14";
				CLANG_CXX_LIBRARY = "libc++";
				CLANG_ENABLE_MODULES = YES;
				CLANG_ENABLE_OBJC_ARC = YES;
				CLANG_ENABLE_OBJC_WEAK = YES;
				CLANG_WARN_BLOCK_CAPTURE_AUTORELEASING = YES;
				CLANG_WARN_BOOL_CONVERSION = YES;
				CLANG_WARN_COMMA = YES;
				CLANG_WARN_CONSTANT_CONVERSION = YES;
				CLANG_WARN_DEPRECATED_OBJC_IMPLEMENTATIONS = YES;
				CLANG_WARN_DIRECT_OBJC_ISA_USAGE = YES_ERROR;
				CLANG_WARN_DOCUMENTATION_COMMENTS = YES;
				CLANG_WARN_EMPTY_BODY = YES;
				CLANG_WARN_ENUM_CONVERSION = YES;
				CLANG_WARN_INFINITE_RECURSION = YES;
				CLANG_WARN_INT_CONVERSION = YES;
				CLANG_WARN_NON_LITERAL_NULL_CONVERSION = YES;
				CLANG_WARN_OBJC_IMPLICIT_RETAIN_SELF = YES;
				CLANG_WARN_OBJC_LITERAL_CONVERSION = YES;
				CLANG_WARN_OBJC_ROOT_CLASS = YES_ERROR;
				CLANG_WARN_QUOTED_INCLUDE_IN_FRAMEWORK_HEADER = YES;
				CLANG_WARN_RANGE_LOOP_ANALYSIS = YES;
				CLANG_WARN_STRICT_PROTOTYPES = YES;
				CLANG_WARN_SUSPICIOUS_MOVE = YES;
				CLANG_WARN_UNGUARDED_AVAILABILITY = YES_AGGRESSIVE;
				CLANG_WARN_UNREACHABLE_CODE = YES;
				CLANG_WARN__DUPLICATE_METHOD_MATCH = YES;
				COPY_PHASE_STRIP = NO;
				DEBUG_INFORMATION_FORMAT = dwarf;
				ENABLE_STRICT_OBJC_MSGSEND = YES;
				ENABLE_TESTABILITY = YES;
				GCC_C_LANGUAGE_STANDARD = gnu11;
				GCC_DYNAMIC_NO_PIC = NO;
				GCC_NO_COMMON_BLOCKS = YES;
				GCC_OPTIMIZATION_LEVEL = 0;
				GCC_PREPROCESSOR_DEFINITIONS = (
					"DEBUG=1",
					"$(inherited)",
				);
				GCC_WARN_64_TO_32_BIT_CONVERSION = YES;
				GCC_WARN_ABOUT_RETURN_TYPE = YES_ERROR;
				GCC_WARN_UNDECLARED_SELECTOR = YES;
				GCC_WARN_UNINITIALIZED_AUTOS = YES_AGGRESSIVE;
				GCC_WARN_UNUSED_FUNCTION = YES;
				GCC_WARN_UNUSED_VARIABLE = YES;
				IPHONEOS_DEPLOYMENT_TARGET = 14.1;
				MTL_ENABLE_DEBUG_INFO = INCLUDE_SOURCE;
				MTL_FAST_MATH = YES;
				ONLY_ACTIVE_ARCH = YES;
				SDKROOT = iphoneos;
				SWIFT_ACTIVE_COMPILATION_CONDITIONS = DEBUG;
				SWIFT_OPTIMIZATION_LEVEL = "-Onone";
			};
			name = Debug;
		};
		737909CA25629120006A3842 /* Release */ = {
			isa = XCBuildConfiguration;
			buildSettings = {
				ALWAYS_SEARCH_USER_PATHS = NO;
				CLANG_ANALYZER_NONNULL = YES;
				CLANG_ANALYZER_NUMBER_OBJECT_CONVERSION = YES_AGGRESSIVE;
				CLANG_CXX_LANGUAGE_STANDARD = "gnu++14";
				CLANG_CXX_LIBRARY = "libc++";
				CLANG_ENABLE_MODULES = YES;
				CLANG_ENABLE_OBJC_ARC = YES;
				CLANG_ENABLE_OBJC_WEAK = YES;
				CLANG_WARN_BLOCK_CAPTURE_AUTORELEASING = YES;
				CLANG_WARN_BOOL_CONVERSION = YES;
				CLANG_WARN_COMMA = YES;
				CLANG_WARN_CONSTANT_CONVERSION = YES;
				CLANG_WARN_DEPRECATED_OBJC_IMPLEMENTATIONS = YES;
				CLANG_WARN_DIRECT_OBJC_ISA_USAGE = YES_ERROR;
				CLANG_WARN_DOCUMENTATION_COMMENTS = YES;
				CLANG_WARN_EMPTY_BODY = YES;
				CLANG_WARN_ENUM_CONVERSION = YES;
				CLANG_WARN_INFINITE_RECURSION = YES;
				CLANG_WARN_INT_CONVERSION = YES;
				CLANG_WARN_NON_LITERAL_NULL_CONVERSION = YES;
				CLANG_WARN_OBJC_IMPLICIT_RETAIN_SELF = YES;
				CLANG_WARN_OBJC_LITERAL_CONVERSION = YES;
				CLANG_WARN_OBJC_ROOT_CLASS = YES_ERROR;
				CLANG_WARN_QUOTED_INCLUDE_IN_FRAMEWORK_HEADER = YES;
				CLANG_WARN_RANGE_LOOP_ANALYSIS = YES;
				CLANG_WARN_STRICT_PROTOTYPES = YES;
				CLANG_WARN_SUSPICIOUS_MOVE = YES;
				CLANG_WARN_UNGUARDED_AVAILABILITY = YES_AGGRESSIVE;
				CLANG_WARN_UNREACHABLE_CODE = YES;
				CLANG_WARN__DUPLICATE_METHOD_MATCH = YES;
				COPY_PHASE_STRIP = NO;
				DEBUG_INFORMATION_FORMAT = "dwarf-with-dsym";
				ENABLE_NS_ASSERTIONS = NO;
				ENABLE_STRICT_OBJC_MSGSEND = YES;
				GCC_C_LANGUAGE_STANDARD = gnu11;
				GCC_NO_COMMON_BLOCKS = YES;
				GCC_WARN_64_TO_32_BIT_CONVERSION = YES;
				GCC_WARN_ABOUT_RETURN_TYPE = YES_ERROR;
				GCC_WARN_UNDECLARED_SELECTOR = YES;
				GCC_WARN_UNINITIALIZED_AUTOS = YES_AGGRESSIVE;
				GCC_WARN_UNUSED_FUNCTION = YES;
				GCC_WARN_UNUSED_VARIABLE = YES;
				IPHONEOS_DEPLOYMENT_TARGET = 14.1;
				MTL_ENABLE_DEBUG_INFO = NO;
				MTL_FAST_MATH = YES;
				SDKROOT = iphoneos;
				SWIFT_COMPILATION_MODE = wholemodule;
				SWIFT_OPTIMIZATION_LEVEL = "-O";
				VALIDATE_PRODUCT = YES;
			};
			name = Release;
		};
		737909CC25629120006A3842 /* Debug */ = {
			isa = XCBuildConfiguration;
			buildSettings = {
				ASSETCATALOG_COMPILER_APPICON_NAME = AppIcon;
				ASSETCATALOG_COMPILER_GLOBAL_ACCENT_COLOR_NAME = AccentColor;
				CODE_SIGN_STYLE = Automatic;
				DEVELOPMENT_TEAM = QL936YF39M;
				INFOPLIST_FILE = InstagramiOSAppClone/Info.plist;
				LD_RUNPATH_SEARCH_PATHS = (
					"$(inherited)",
					"@executable_path/Frameworks",
				);
				PRODUCT_BUNDLE_IDENTIFIER = "com.Qussk.-WeatherPutOn.InstagramiOSAppClone";
				PRODUCT_NAME = "$(TARGET_NAME)";
				SWIFT_VERSION = 5.0;
				TARGETED_DEVICE_FAMILY = "1,2";
			};
			name = Debug;
		};
		737909CD25629120006A3842 /* Release */ = {
			isa = XCBuildConfiguration;
			buildSettings = {
				ASSETCATALOG_COMPILER_APPICON_NAME = AppIcon;
				ASSETCATALOG_COMPILER_GLOBAL_ACCENT_COLOR_NAME = AccentColor;
				CODE_SIGN_STYLE = Automatic;
				DEVELOPMENT_TEAM = QL936YF39M;
				INFOPLIST_FILE = InstagramiOSAppClone/Info.plist;
				LD_RUNPATH_SEARCH_PATHS = (
					"$(inherited)",
					"@executable_path/Frameworks",
				);
				PRODUCT_BUNDLE_IDENTIFIER = "com.Qussk.-WeatherPutOn.InstagramiOSAppClone";
				PRODUCT_NAME = "$(TARGET_NAME)";
				SWIFT_VERSION = 5.0;
				TARGETED_DEVICE_FAMILY = "1,2";
			};
			name = Release;
		};
/* End XCBuildConfiguration section */

/* Begin XCConfigurationList section */
		737909B22562911E006A3842 /* Build configuration list for PBXProject "InstagramiOSAppClone" */ = {
			isa = XCConfigurationList;
			buildConfigurations = (
				737909C925629120006A3842 /* Debug */,
				737909CA25629120006A3842 /* Release */,
			);
			defaultConfigurationIsVisible = 0;
			defaultConfigurationName = Release;
		};
		737909CB25629120006A3842 /* Build configuration list for PBXNativeTarget "InstagramiOSAppClone" */ = {
			isa = XCConfigurationList;
			buildConfigurations = (
				737909CC25629120006A3842 /* Debug */,
				737909CD25629120006A3842 /* Release */,
			);
			defaultConfigurationIsVisible = 0;
			defaultConfigurationName = Release;
		};
/* End XCConfigurationList section */
	};
	rootObject = 737909AF2562911E006A3842 /* Project object */;
}
